
Microsoft Visual Studio Solution File, Format Version 12.00
# Visual Studio Version 17
VisualStudioVersion = 17.3.32901.215
MinimumVisualStudioVersion = 10.0.40219.1
Project("{FAE04EC0-301F-11D3-BF4B-00C04F79EFBC}") = "Ques_6_", "Ques_6_\Ques_6_.csproj", "{37075545-E78B-49CB-92D5-1C01F42ABD07}"
EndProject
Global
	GlobalSection(SolutionConfigurationPlatforms) = preSolution
		Debug|Any CPU = Debug|Any CPU
		Release|Any CPU = Release|Any CPU
	EndGlobalSection
	GlobalSection(ProjectConfigurationPlatforms) = postSolution
		{37075545-E78B-49CB-92D5-1C01F42ABD07}.Debug|Any CPU.ActiveCfg = Debug|Any CPU
		{37075545-E78B-49CB-92D5-1C01F42ABD07}.Debug|Any CPU.Build.0 = Debug|Any CPU
		{37075545-E78B-49CB-92D5-1C01F42ABD07}.Release|Any CPU.ActiveCfg = Release|Any CPU
		{37075545-E78B-49CB-92D5-1C01F42ABD07}.Release|Any CPU.Build.0 = Release|Any CPU
	EndGlobalSection
	GlobalSection(SolutionProperties) = preSolution
		HideSolutionNode = FALSE
	EndGlobalSection
	GlobalSection(ExtensibilityGlobals) = postSolution
		SolutionGuid = {6B9AA6DC-8378-40A2-B4BA-198FBE3A6DA0}
	EndGlobalSection
EndGlobal
