
Microsoft Visual Studio Solution File, Format Version 12.00
# Visual Studio Version 17
VisualStudioVersion = 17.3.32901.215
MinimumVisualStudioVersion = 10.0.40219.1
Project("{FAE04EC0-301F-11D3-BF4B-00C04F79EFBC}") = "Ques_7", "Ques_7\Ques_7.csproj", "{1D285C46-752D-4682-9EB6-FBD3B60735CB}"
EndProject
Global
	GlobalSection(SolutionConfigurationPlatforms) = preSolution
		Debug|Any CPU = Debug|Any CPU
		Release|Any CPU = Release|Any CPU
	EndGlobalSection
	GlobalSection(ProjectConfigurationPlatforms) = postSolution
		{1D285C46-752D-4682-9EB6-FBD3B60735CB}.Debug|Any CPU.ActiveCfg = Debug|Any CPU
		{1D285C46-752D-4682-9EB6-FBD3B60735CB}.Debug|Any CPU.Build.0 = Debug|Any CPU
		{1D285C46-752D-4682-9EB6-FBD3B60735CB}.Release|Any CPU.ActiveCfg = Release|Any CPU
		{1D285C46-752D-4682-9EB6-FBD3B60735CB}.Release|Any CPU.Build.0 = Release|Any CPU
	EndGlobalSection
	GlobalSection(SolutionProperties) = preSolution
		HideSolutionNode = FALSE
	EndGlobalSection
	GlobalSection(ExtensibilityGlobals) = postSolution
		SolutionGuid = {C0204F5A-DD38-460F-98F0-F1FD9C394E61}
	EndGlobalSection
EndGlobal
