
Microsoft Visual Studio Solution File, Format Version 12.00
# Visual Studio Version 17
VisualStudioVersion = 17.3.32901.215
MinimumVisualStudioVersion = 10.0.40219.1
Project("{FAE04EC0-301F-11D3-BF4B-00C04F79EFBC}") = "Ques_2", "Ques_2\Ques_2.csproj", "{A0010D59-61A2-4414-B455-AC56CA5F36ED}"
EndProject
Global
	GlobalSection(SolutionConfigurationPlatforms) = preSolution
		Debug|Any CPU = Debug|Any CPU
		Release|Any CPU = Release|Any CPU
	EndGlobalSection
	GlobalSection(ProjectConfigurationPlatforms) = postSolution
		{A0010D59-61A2-4414-B455-AC56CA5F36ED}.Debug|Any CPU.ActiveCfg = Debug|Any CPU
		{A0010D59-61A2-4414-B455-AC56CA5F36ED}.Debug|Any CPU.Build.0 = Debug|Any CPU
		{A0010D59-61A2-4414-B455-AC56CA5F36ED}.Release|Any CPU.ActiveCfg = Release|Any CPU
		{A0010D59-61A2-4414-B455-AC56CA5F36ED}.Release|Any CPU.Build.0 = Release|Any CPU
	EndGlobalSection
	GlobalSection(SolutionProperties) = preSolution
		HideSolutionNode = FALSE
	EndGlobalSection
	GlobalSection(ExtensibilityGlobals) = postSolution
		SolutionGuid = {34223D93-B8B8-4469-8C25-45A04C23C138}
	EndGlobalSection
EndGlobal
